
Microsoft Visual Studio Solution File, Format Version 12.00
# Visual Studio Version 17
VisualStudioVersion = 17.11.35312.102
MinimumVisualStudioVersion = 10.0.40219.1
Project("{9A19103F-16F7-4668-BE54-9A1E7A4F7556}") = "IFSPStore.Domain", "IFSPStore.Domain\IFSPStore.Domain.csproj", "{9B06AD5F-9406-4AA8-9692-692515A91C71}"
EndProject
Project("{9A19103F-16F7-4668-BE54-9A1E7A4F7556}") = "IFSPStore.test", "IFSPStore.test\IFSPStore.test.csproj", "{C61D938C-7CCA-420F-9654-152659D9ABA2}"
EndProject
Project("{9A19103F-16F7-4668-BE54-9A1E7A4F7556}") = "IFSPStore.Repository", "IFSPStory.Repository\IFSPStore.Repository.csproj", "{C0F6A8B3-C334-4FAF-8C90-34FE9664F665}"
EndProject
Project("{9A19103F-16F7-4668-BE54-9A1E7A4F7556}") = "IFSPStore.Service", "IFSPStore.Service\IFSPStore.Service.csproj", "{FB5C8D2A-D163-45EF-B2DD-F77DB5BA3A64}"
EndProject
Project("{FAE04EC0-301F-11D3-BF4B-00C04F79EFBC}") = "IFSPStore.App", "IFSPStore.App\IFSPStore.App.csproj", "{FE01FD26-D74D-4780-86A7-685667D373F0}"
EndProject
Global
	GlobalSection(SolutionConfigurationPlatforms) = preSolution
		Debug|Any CPU = Debug|Any CPU
		Release|Any CPU = Release|Any CPU
	EndGlobalSection
	GlobalSection(ProjectConfigurationPlatforms) = postSolution
		{9B06AD5F-9406-4AA8-9692-692515A91C71}.Debug|Any CPU.ActiveCfg = Debug|Any CPU
		{9B06AD5F-9406-4AA8-9692-692515A91C71}.Debug|Any CPU.Build.0 = Debug|Any CPU
		{9B06AD5F-9406-4AA8-9692-692515A91C71}.Release|Any CPU.ActiveCfg = Release|Any CPU
		{9B06AD5F-9406-4AA8-9692-692515A91C71}.Release|Any CPU.Build.0 = Release|Any CPU
		{C61D938C-7CCA-420F-9654-152659D9ABA2}.Debug|Any CPU.ActiveCfg = Debug|Any CPU
		{C61D938C-7CCA-420F-9654-152659D9ABA2}.Debug|Any CPU.Build.0 = Debug|Any CPU
		{C61D938C-7CCA-420F-9654-152659D9ABA2}.Release|Any CPU.ActiveCfg = Release|Any CPU
		{C61D938C-7CCA-420F-9654-152659D9ABA2}.Release|Any CPU.Build.0 = Release|Any CPU
		{C0F6A8B3-C334-4FAF-8C90-34FE9664F665}.Debug|Any CPU.ActiveCfg = Debug|Any CPU
		{C0F6A8B3-C334-4FAF-8C90-34FE9664F665}.Debug|Any CPU.Build.0 = Debug|Any CPU
		{C0F6A8B3-C334-4FAF-8C90-34FE9664F665}.Release|Any CPU.ActiveCfg = Release|Any CPU
		{C0F6A8B3-C334-4FAF-8C90-34FE9664F665}.Release|Any CPU.Build.0 = Release|Any CPU
		{FB5C8D2A-D163-45EF-B2DD-F77DB5BA3A64}.Debug|Any CPU.ActiveCfg = Debug|Any CPU
		{FB5C8D2A-D163-45EF-B2DD-F77DB5BA3A64}.Debug|Any CPU.Build.0 = Debug|Any CPU
		{FB5C8D2A-D163-45EF-B2DD-F77DB5BA3A64}.Release|Any CPU.ActiveCfg = Release|Any CPU
		{FB5C8D2A-D163-45EF-B2DD-F77DB5BA3A64}.Release|Any CPU.Build.0 = Release|Any CPU
		{FE01FD26-D74D-4780-86A7-685667D373F0}.Debug|Any CPU.ActiveCfg = Debug|Any CPU
		{FE01FD26-D74D-4780-86A7-685667D373F0}.Debug|Any CPU.Build.0 = Debug|Any CPU
		{FE01FD26-D74D-4780-86A7-685667D373F0}.Release|Any CPU.ActiveCfg = Release|Any CPU
		{FE01FD26-D74D-4780-86A7-685667D373F0}.Release|Any CPU.Build.0 = Release|Any CPU
	EndGlobalSection
	GlobalSection(SolutionProperties) = preSolution
		HideSolutionNode = FALSE
	EndGlobalSection
	GlobalSection(ExtensibilityGlobals) = postSolution
		SolutionGuid = {C430ED2E-4C13-4918-9C98-6A47307D0A1D}
	EndGlobalSection
EndGlobal
